// !$*UTF8*$!
{
	archiveVersion = 1;
	classes = {
	};
	objectVersion = 46;
	objects = {

/* Begin PBXBuildFile section */
		A2475570169B235F00ED89A9 /* HNKakaoActivity.m in Sources */ = {isa = PBXBuildFile; fileRef = A2475567169B235F00ED89A9 /* HNKakaoActivity.m */; };
		A2475571169B235F00ED89A9 /* HNLineActivity.m in Sources */ = {isa = PBXBuildFile; fileRef = A2475569169B235F00ED89A9 /* HNLineActivity.m */; };
		A2475572169B235F00ED89A9 /* icon_kakao.png in Resources */ = {isa = PBXBuildFile; fileRef = A247556A169B235F00ED89A9 /* icon_kakao.png */; };
		A2475573169B235F00ED89A9 /* icon_kakao@2x.png in Resources */ = {isa = PBXBuildFile; fileRef = A247556B169B235F00ED89A9 /* icon_kakao@2x.png */; };
		A2475574169B235F00ED89A9 /* icon_line.png in Resources */ = {isa = PBXBuildFile; fileRef = A247556C169B235F00ED89A9 /* icon_line.png */; };
		A2475575169B235F00ED89A9 /* icon_line@2x.png in Resources */ = {isa = PBXBuildFile; fileRef = A247556D169B235F00ED89A9 /* icon_line@2x.png */; };
		A2475581169B238100ED89A9 /* main.m in Sources */ = {isa = PBXBuildFile; fileRef = A247557B169B238100ED89A9 /* main.m */; };
		A2475582169B238100ED89A9 /* MainViewController.m in Sources */ = {isa = PBXBuildFile; fileRef = A247557D169B238100ED89A9 /* MainViewController.m */; };
		A2475583169B238100ED89A9 /* MainViewController.xib in Resources */ = {isa = PBXBuildFile; fileRef = A247557E169B238100ED89A9 /* MainViewController.xib */; };
		A2475589169B23B300ED89A9 /* HNActivitiesAppDelegate.m in Sources */ = {isa = PBXBuildFile; fileRef = A2475587169B23B300ED89A9 /* HNActivitiesAppDelegate.m */; };
		A247558D169B23CC00ED89A9 /* Default-568h@2x.png in Resources */ = {isa = PBXBuildFile; fileRef = A247558A169B23CC00ED89A9 /* Default-568h@2x.png */; };
		A247558E169B23CC00ED89A9 /* Default.png in Resources */ = {isa = PBXBuildFile; fileRef = A247558B169B23CC00ED89A9 /* Default.png */; };
		A247558F169B23CC00ED89A9 /* Default@2x.png in Resources */ = {isa = PBXBuildFile; fileRef = A247558C169B23CC00ED89A9 /* Default@2x.png */; };
		A2475592169B23D400ED89A9 /* InfoPlist.strings in Resources */ = {isa = PBXBuildFile; fileRef = A2475590169B23D400ED89A9 /* InfoPlist.strings */; };
		A280A3B0167093BF00EAC747 /* UIKit.framework in Frameworks */ = {isa = PBXBuildFile; fileRef = A280A3AF167093BF00EAC747 /* UIKit.framework */; };
		A280A3B2167093BF00EAC747 /* Foundation.framework in Frameworks */ = {isa = PBXBuildFile; fileRef = A280A3B1167093BF00EAC747 /* Foundation.framework */; };
		A280A3B4167093BF00EAC747 /* CoreGraphics.framework in Frameworks */ = {isa = PBXBuildFile; fileRef = A280A3B3167093BF00EAC747 /* CoreGraphics.framework */; };
		A28EE70816B174840090F055 /* SenTestingKit.framework in Frameworks */ = {isa = PBXBuildFile; fileRef = A28EE70716B174840090F055 /* SenTestingKit.framework */; };
		A28EE70916B174840090F055 /* UIKit.framework in Frameworks */ = {isa = PBXBuildFile; fileRef = A280A3AF167093BF00EAC747 /* UIKit.framework */; };
		A28EE70A16B174840090F055 /* Foundation.framework in Frameworks */ = {isa = PBXBuildFile; fileRef = A280A3B1167093BF00EAC747 /* Foundation.framework */; };
		A28EE71016B174840090F055 /* InfoPlist.strings in Resources */ = {isa = PBXBuildFile; fileRef = A28EE70E16B174840090F055 /* InfoPlist.strings */; };
		A28EE71316B174840090F055 /* HNActivitiesTests.m in Sources */ = {isa = PBXBuildFile; fileRef = A28EE71216B174840090F055 /* HNActivitiesTests.m */; };
/* End PBXBuildFile section */

/* Begin PBXFileReference section */
		A2475566169B235F00ED89A9 /* HNKakaoActivity.h */ = {isa = PBXFileReference; fileEncoding = 4; lastKnownFileType = sourcecode.c.h; name = HNKakaoActivity.h; path = ../HNKakaoActivity.h; sourceTree = "<group>"; };
		A2475567169B235F00ED89A9 /* HNKakaoActivity.m */ = {isa = PBXFileReference; fileEncoding = 4; lastKnownFileType = sourcecode.c.objc; name = HNKakaoActivity.m; path = ../HNKakaoActivity.m; sourceTree = "<group>"; };
		A2475568169B235F00ED89A9 /* HNLineActivity.h */ = {isa = PBXFileReference; fileEncoding = 4; lastKnownFileType = sourcecode.c.h; name = HNLineActivity.h; path = ../HNLineActivity.h; sourceTree = "<group>"; };
		A2475569169B235F00ED89A9 /* HNLineActivity.m */ = {isa = PBXFileReference; fileEncoding = 4; lastKnownFileType = sourcecode.c.objc; name = HNLineActivity.m; path = ../HNLineActivity.m; sourceTree = "<group>"; };
		A247556A169B235F00ED89A9 /* icon_kakao.png */ = {isa = PBXFileReference; lastKnownFileType = image.png; name = icon_kakao.png; path = ../icon_kakao.png; sourceTree = "<group>"; };
		A247556B169B235F00ED89A9 /* icon_kakao@2x.png */ = {isa = PBXFileReference; lastKnownFileType = image.png; name = "icon_kakao@2x.png"; path = "../icon_kakao@2x.png"; sourceTree = "<group>"; };
		A247556C169B235F00ED89A9 /* icon_line.png */ = {isa = PBXFileReference; lastKnownFileType = image.png; name = icon_line.png; path = ../icon_line.png; sourceTree = "<group>"; };
		A247556D169B235F00ED89A9 /* icon_line@2x.png */ = {isa = PBXFileReference; lastKnownFileType = image.png; name = "icon_line@2x.png"; path = "../icon_line@2x.png"; sourceTree = "<group>"; };
		A247557B169B238100ED89A9 /* main.m */ = {isa = PBXFileReference; fileEncoding = 4; lastKnownFileType = sourcecode.c.objc; name = main.m; path = HNActivities/main.m; sourceTree = SOURCE_ROOT; };
		A247557C169B238100ED89A9 /* MainViewController.h */ = {isa = PBXFileReference; fileEncoding = 4; lastKnownFileType = sourcecode.c.h; name = MainViewController.h; path = HNActivities/MainViewController.h; sourceTree = SOURCE_ROOT; };
		A247557D169B238100ED89A9 /* MainViewController.m */ = {isa = PBXFileReference; fileEncoding = 4; lastKnownFileType = sourcecode.c.objc; name = MainViewController.m; path = HNActivities/MainViewController.m; sourceTree = SOURCE_ROOT; };
		A247557E169B238100ED89A9 /* MainViewController.xib */ = {isa = PBXFileReference; fileEncoding = 4; lastKnownFileType = file.xib; name = MainViewController.xib; path = HNActivities/MainViewController.xib; sourceTree = SOURCE_ROOT; };
		A2475584169B23B300ED89A9 /* HNActivities-Info.plist */ = {isa = PBXFileReference; fileEncoding = 4; lastKnownFileType = text.plist.xml; name = "HNActivities-Info.plist"; path = "HNActivities/HNActivities-Info.plist"; sourceTree = SOURCE_ROOT; };
		A2475585169B23B300ED89A9 /* HNActivities-Prefix.pch */ = {isa = PBXFileReference; fileEncoding = 4; lastKnownFileType = sourcecode.c.h; name = "HNActivities-Prefix.pch"; path = "HNActivities/HNActivities-Prefix.pch"; sourceTree = SOURCE_ROOT; };
		A2475586169B23B300ED89A9 /* HNActivitiesAppDelegate.h */ = {isa = PBXFileReference; fileEncoding = 4; lastKnownFileType = sourcecode.c.h; name = HNActivitiesAppDelegate.h; path = HNActivities/HNActivitiesAppDelegate.h; sourceTree = SOURCE_ROOT; };
		A2475587169B23B300ED89A9 /* HNActivitiesAppDelegate.m */ = {isa = PBXFileReference; fileEncoding = 4; lastKnownFileType = sourcecode.c.objc; name = HNActivitiesAppDelegate.m; path = HNActivities/HNActivitiesAppDelegate.m; sourceTree = SOURCE_ROOT; };
		A247558A169B23CC00ED89A9 /* Default-568h@2x.png */ = {isa = PBXFileReference; lastKnownFileType = image.png; name = "Default-568h@2x.png"; path = "HNActivities/Default-568h@2x.png"; sourceTree = SOURCE_ROOT; };
		A247558B169B23CC00ED89A9 /* Default.png */ = {isa = PBXFileReference; lastKnownFileType = image.png; name = Default.png; path = HNActivities/Default.png; sourceTree = SOURCE_ROOT; };
		A247558C169B23CC00ED89A9 /* Default@2x.png */ = {isa = PBXFileReference; lastKnownFileType = image.png; name = "Default@2x.png"; path = "HNActivities/Default@2x.png"; sourceTree = SOURCE_ROOT; };
		A2475591169B23D400ED89A9 /* en */ = {isa = PBXFileReference; lastKnownFileType = text.plist.strings; name = en; path = HNActivities/en.lproj/InfoPlist.strings; sourceTree = SOURCE_ROOT; };
		A24755B0169B25D500ED89A9 /* NSString+HNActivities.h */ = {isa = PBXFileReference; lastKnownFileType = sourcecode.c.h; name = "NSString+HNActivities.h"; path = "../NSString+HNActivities.h"; sourceTree = "<group>"; };
		A24755B1169B25D500ED89A9 /* NSString+HNActivities.m */ = {isa = PBXFileReference; lastKnownFileType = sourcecode.c.objc; name = "NSString+HNActivities.m"; path = "../NSString+HNActivities.m"; sourceTree = "<group>"; };
		A280A3AB167093BF00EAC747 /* HNActivities.app */ = {isa = PBXFileReference; explicitFileType = wrapper.application; includeInIndex = 0; path = HNActivities.app; sourceTree = BUILT_PRODUCTS_DIR; };
		A280A3AF167093BF00EAC747 /* UIKit.framework */ = {isa = PBXFileReference; lastKnownFileType = wrapper.framework; name = UIKit.framework; path = System/Library/Frameworks/UIKit.framework; sourceTree = SDKROOT; };
		A280A3B1167093BF00EAC747 /* Foundation.framework */ = {isa = PBXFileReference; lastKnownFileType = wrapper.framework; name = Foundation.framework; path = System/Library/Frameworks/Foundation.framework; sourceTree = SDKROOT; };
		A280A3B3167093BF00EAC747 /* CoreGraphics.framework */ = {isa = PBXFileReference; lastKnownFileType = wrapper.framework; name = CoreGraphics.framework; path = System/Library/Frameworks/CoreGraphics.framework; sourceTree = SDKROOT; };
		A28EE70616B174840090F055 /* HNActivitiesTests.octest */ = {isa = PBXFileReference; explicitFileType = wrapper.cfbundle; includeInIndex = 0; path = HNActivitiesTests.octest; sourceTree = BUILT_PRODUCTS_DIR; };
		A28EE70716B174840090F055 /* SenTestingKit.framework */ = {isa = PBXFileReference; lastKnownFileType = wrapper.framework; name = SenTestingKit.framework; path = Library/Frameworks/SenTestingKit.framework; sourceTree = DEVELOPER_DIR; };
		A28EE70D16B174840090F055 /* HNActivitiesTests-Info.plist */ = {isa = PBXFileReference; lastKnownFileType = text.plist.xml; path = "HNActivitiesTests-Info.plist"; sourceTree = "<group>"; };
		A28EE70F16B174840090F055 /* en */ = {isa = PBXFileReference; lastKnownFileType = text.plist.strings; name = en; path = en.lproj/InfoPlist.strings; sourceTree = "<group>"; };
		A28EE71116B174840090F055 /* HNActivitiesTests.h */ = {isa = PBXFileReference; lastKnownFileType = sourcecode.c.h; path = HNActivitiesTests.h; sourceTree = "<group>"; };
		A28EE71216B174840090F055 /* HNActivitiesTests.m */ = {isa = PBXFileReference; lastKnownFileType = sourcecode.c.objc; path = HNActivitiesTests.m; sourceTree = "<group>"; };
		A28EE71416B174840090F055 /* HNActivitiesTests-Prefix.pch */ = {isa = PBXFileReference; lastKnownFileType = sourcecode.c.h; path = "HNActivitiesTests-Prefix.pch"; sourceTree = "<group>"; };
/* End PBXFileReference section */

/* Begin PBXFrameworksBuildPhase section */
		A280A3A8167093BF00EAC747 /* Frameworks */ = {
			isa = PBXFrameworksBuildPhase;
			buildActionMask = 2147483647;
			files = (
				A280A3B0167093BF00EAC747 /* UIKit.framework in Frameworks */,
				A280A3B2167093BF00EAC747 /* Foundation.framework in Frameworks */,
				A280A3B4167093BF00EAC747 /* CoreGraphics.framework in Frameworks */,
			);
			runOnlyForDeploymentPostprocessing = 0;
		};
		A28EE70216B174840090F055 /* Frameworks */ = {
			isa = PBXFrameworksBuildPhase;
			buildActionMask = 2147483647;
			files = (
				A28EE70816B174840090F055 /* SenTestingKit.framework in Frameworks */,
				A28EE70916B174840090F055 /* UIKit.framework in Frameworks */,
				A28EE70A16B174840090F055 /* Foundation.framework in Frameworks */,
			);
			runOnlyForDeploymentPostprocessing = 0;
		};
/* End PBXFrameworksBuildPhase section */

/* Begin PBXGroup section */
		A280A3A0167093BF00EAC747 = {
			isa = PBXGroup;
			children = (
				A280A3CC167093E200EAC747 /* sources */,
				A280A3B5167093BF00EAC747 /* HNActivities */,
				A28EE70B16B174840090F055 /* HNActivitiesTests */,
				A280A3AE167093BF00EAC747 /* Frameworks */,
				A280A3AC167093BF00EAC747 /* Products */,
			);
			sourceTree = "<group>";
		};
		A280A3AC167093BF00EAC747 /* Products */ = {
			isa = PBXGroup;
			children = (
				A280A3AB167093BF00EAC747 /* HNActivities.app */,
				A28EE70616B174840090F055 /* HNActivitiesTests.octest */,
			);
			name = Products;
			sourceTree = "<group>";
		};
		A280A3AE167093BF00EAC747 /* Frameworks */ = {
			isa = PBXGroup;
			children = (
				A280A3AF167093BF00EAC747 /* UIKit.framework */,
				A280A3B1167093BF00EAC747 /* Foundation.framework */,
				A280A3B3167093BF00EAC747 /* CoreGraphics.framework */,
				A28EE70716B174840090F055 /* SenTestingKit.framework */,
			);
			name = Frameworks;
			sourceTree = "<group>";
		};
		A280A3B5167093BF00EAC747 /* HNActivities */ = {
			isa = PBXGroup;
			children = (
				A2475586169B23B300ED89A9 /* HNActivitiesAppDelegate.h */,
				A2475587169B23B300ED89A9 /* HNActivitiesAppDelegate.m */,
				A247557C169B238100ED89A9 /* MainViewController.h */,
				A247557D169B238100ED89A9 /* MainViewController.m */,
				A247557E169B238100ED89A9 /* MainViewController.xib */,
				A280A3B6167093BF00EAC747 /* Supporting Files */,
			);
			path = HNActivities;
			sourceTree = "<group>";
		};
		A280A3B6167093BF00EAC747 /* Supporting Files */ = {
			isa = PBXGroup;
			children = (
				A2475590169B23D400ED89A9 /* InfoPlist.strings */,
				A247558A169B23CC00ED89A9 /* Default-568h@2x.png */,
				A247558B169B23CC00ED89A9 /* Default.png */,
				A247558C169B23CC00ED89A9 /* Default@2x.png */,
				A2475584169B23B300ED89A9 /* HNActivities-Info.plist */,
				A2475585169B23B300ED89A9 /* HNActivities-Prefix.pch */,
				A247557B169B238100ED89A9 /* main.m */,
			);
			name = "Supporting Files";
			sourceTree = "<group>";
		};
		A280A3CC167093E200EAC747 /* sources */ = {
			isa = PBXGroup;
			children = (
				A24755B0169B25D500ED89A9 /* NSString+HNActivities.h */,
				A24755B1169B25D500ED89A9 /* NSString+HNActivities.m */,
				A2475566169B235F00ED89A9 /* HNKakaoActivity.h */,
				A2475567169B235F00ED89A9 /* HNKakaoActivity.m */,
				A2475568169B235F00ED89A9 /* HNLineActivity.h */,
				A2475569169B235F00ED89A9 /* HNLineActivity.m */,
				A247556A169B235F00ED89A9 /* icon_kakao.png */,
				A247556B169B235F00ED89A9 /* icon_kakao@2x.png */,
				A247556C169B235F00ED89A9 /* icon_line.png */,
				A247556D169B235F00ED89A9 /* icon_line@2x.png */,
			);
			name = sources;
			sourceTree = "<group>";
		};
		A28EE70B16B174840090F055 /* HNActivitiesTests */ = {
			isa = PBXGroup;
			children = (
				A28EE71116B174840090F055 /* HNActivitiesTests.h */,
				A28EE71216B174840090F055 /* HNActivitiesTests.m */,
				A28EE70C16B174840090F055 /* Supporting Files */,
			);
			path = HNActivitiesTests;
			sourceTree = "<group>";
		};
		A28EE70C16B174840090F055 /* Supporting Files */ = {
			isa = PBXGroup;
			children = (
				A28EE70D16B174840090F055 /* HNActivitiesTests-Info.plist */,
				A28EE70E16B174840090F055 /* InfoPlist.strings */,
				A28EE71416B174840090F055 /* HNActivitiesTests-Prefix.pch */,
			);
			name = "Supporting Files";
			sourceTree = "<group>";
		};
/* End PBXGroup section */

/* Begin PBXNativeTarget section */
		A280A3AA167093BF00EAC747 /* HNActivities */ = {
			isa = PBXNativeTarget;
			buildConfigurationList = A280A3C9167093BF00EAC747 /* Build configuration list for PBXNativeTarget "HNActivities" */;
			buildPhases = (
				A280A3A7167093BF00EAC747 /* Sources */,
				A280A3A8167093BF00EAC747 /* Frameworks */,
				A280A3A9167093BF00EAC747 /* Resources */,
			);
			buildRules = (
			);
			dependencies = (
			);
			name = HNActivities;
			productName = HNActivities;
			productReference = A280A3AB167093BF00EAC747 /* HNActivities.app */;
			productType = "com.apple.product-type.application";
		};
		A28EE70516B174840090F055 /* HNActivitiesTests */ = {
			isa = PBXNativeTarget;
			buildConfigurationList = A28EE71716B174840090F055 /* Build configuration list for PBXNativeTarget "HNActivitiesTests" */;
			buildPhases = (
				A28EE70116B174840090F055 /* Sources */,
				A28EE70216B174840090F055 /* Frameworks */,
				A28EE70316B174840090F055 /* Resources */,
				A28EE70416B174840090F055 /* ShellScript */,
			);
			buildRules = (
			);
			dependencies = (
			);
			name = HNActivitiesTests;
			productName = HNActivitiesTests;
			productReference = A28EE70616B174840090F055 /* HNActivitiesTests.octest */;
			productType = "com.apple.product-type.bundle";
		};
/* End PBXNativeTarget section */

/* Begin PBXProject section */
		A280A3A2167093BF00EAC747 /* Project object */ = {
			isa = PBXProject;
			attributes = {
				CLASSPREFIX = HNActivities;
				LastUpgradeCheck = 0450;
				ORGANIZATIONNAME = minorblend;
			};
			buildConfigurationList = A280A3A5167093BF00EAC747 /* Build configuration list for PBXProject "HNActivities" */;
			compatibilityVersion = "Xcode 3.2";
			developmentRegion = English;
			hasScannedForEncodings = 0;
			knownRegions = (
				en,
			);
			mainGroup = A280A3A0167093BF00EAC747;
			productRefGroup = A280A3AC167093BF00EAC747 /* Products */;
			projectDirPath = "";
			projectRoot = "";
			targets = (
				A280A3AA167093BF00EAC747 /* HNActivities */,
				A28EE70516B174840090F055 /* HNActivitiesTests */,
			);
		};
/* End PBXProject section */

/* Begin PBXResourcesBuildPhase section */
		A280A3A9167093BF00EAC747 /* Resources */ = {
			isa = PBXResourcesBuildPhase;
			buildActionMask = 2147483647;
			files = (
				A2475572169B235F00ED89A9 /* icon_kakao.png in Resources */,
				A2475573169B235F00ED89A9 /* icon_kakao@2x.png in Resources */,
				A2475574169B235F00ED89A9 /* icon_line.png in Resources */,
				A2475575169B235F00ED89A9 /* icon_line@2x.png in Resources */,
				A2475583169B238100ED89A9 /* MainViewController.xib in Resources */,
				A247558D169B23CC00ED89A9 /* Default-568h@2x.png in Resources */,
				A247558E169B23CC00ED89A9 /* Default.png in Resources */,
				A247558F169B23CC00ED89A9 /* Default@2x.png in Resources */,
				A2475592169B23D400ED89A9 /* InfoPlist.strings in Resources */,
			);
			runOnlyForDeploymentPostprocessing = 0;
		};
		A28EE70316B174840090F055 /* Resources */ = {
			isa = PBXResourcesBuildPhase;
			buildActionMask = 2147483647;
			files = (
				A28EE71016B174840090F055 /* InfoPlist.strings in Resources */,
			);
			runOnlyForDeploymentPostprocessing = 0;
		};
/* End PBXResourcesBuildPhase section */

/* Begin PBXShellScriptBuildPhase section */
		A28EE70416B174840090F055 /* ShellScript */ = {
			isa = PBXShellScriptBuildPhase;
			buildActionMask = 2147483647;
			files = (
			);
			inputPaths = (
			);
			outputPaths = (
			);
			runOnlyForDeploymentPostprocessing = 0;
			shellPath = /bin/sh;
			shellScript = "# Run the unit tests in this test bundle.\n\"${SYSTEM_DEVELOPER_DIR}/Tools/RunUnitTests\"\n";
		};
/* End PBXShellScriptBuildPhase section */

/* Begin PBXSourcesBuildPhase section */
		A280A3A7167093BF00EAC747 /* Sources */ = {
			isa = PBXSourcesBuildPhase;
			buildActionMask = 2147483647;
			files = (
				A2475570169B235F00ED89A9 /* HNKakaoActivity.m in Sources */,
				A2475571169B235F00ED89A9 /* HNLineActivity.m in Sources */,
				A2475581169B238100ED89A9 /* main.m in Sources */,
				A2475582169B238100ED89A9 /* MainViewController.m in Sources */,
				A2475589169B23B300ED89A9 /* HNActivitiesAppDelegate.m in Sources */,
			);
			runOnlyForDeploymentPostprocessing = 0;
		};
		A28EE70116B174840090F055 /* Sources */ = {
			isa = PBXSourcesBuildPhase;
			buildActionMask = 2147483647;
			files = (
				A28EE71316B174840090F055 /* HNActivitiesTests.m in Sources */,
			);
			runOnlyForDeploymentPostprocessing = 0;
		};
/* End PBXSourcesBuildPhase section */

/* Begin PBXVariantGroup section */
		A2475590169B23D400ED89A9 /* InfoPlist.strings */ = {
			isa = PBXVariantGroup;
			children = (
				A2475591169B23D400ED89A9 /* en */,
			);
			name = InfoPlist.strings;
			sourceTree = "<group>";
		};
		A28EE70E16B174840090F055 /* InfoPlist.strings */ = {
			isa = PBXVariantGroup;
			children = (
				A28EE70F16B174840090F055 /* en */,
			);
			name = InfoPlist.strings;
			sourceTree = "<group>";
		};
/* End PBXVariantGroup section */

/* Begin XCBuildConfiguration section */
		A280A3C7167093BF00EAC747 /* Debug */ = {
			isa = XCBuildConfiguration;
			buildSettings = {
				ALWAYS_SEARCH_USER_PATHS = NO;
				CLANG_CXX_LANGUAGE_STANDARD = "gnu++0x";
				CLANG_CXX_LIBRARY = "libc++";
				CLANG_ENABLE_OBJC_ARC = YES;
				CLANG_WARN_EMPTY_BODY = YES;
				CLANG_WARN__DUPLICATE_METHOD_MATCH = YES;
				"CODE_SIGN_IDENTITY[sdk=iphoneos*]" = "iPhone Developer";
				COPY_PHASE_STRIP = NO;
				GCC_C_LANGUAGE_STANDARD = gnu99;
				GCC_DYNAMIC_NO_PIC = NO;
				GCC_OPTIMIZATION_LEVEL = 0;
				GCC_PREPROCESSOR_DEFINITIONS = (
					"DEBUG=1",
					"$(inherited)",
				);
				GCC_SYMBOLS_PRIVATE_EXTERN = NO;
				GCC_WARN_ABOUT_RETURN_TYPE = YES;
				GCC_WARN_UNINITIALIZED_AUTOS = YES;
				GCC_WARN_UNUSED_VARIABLE = YES;
				IPHONEOS_DEPLOYMENT_TARGET = 6.0;
				ONLY_ACTIVE_ARCH = YES;
				SDKROOT = iphoneos;
			};
			name = Debug;
		};
		A280A3C8167093BF00EAC747 /* Release */ = {
			isa = XCBuildConfiguration;
			buildSettings = {
				ALWAYS_SEARCH_USER_PATHS = NO;
				CLANG_CXX_LANGUAGE_STANDARD = "gnu++0x";
				CLANG_CXX_LIBRARY = "libc++";
				CLANG_ENABLE_OBJC_ARC = YES;
				CLANG_WARN_EMPTY_BODY = YES;
				CLANG_WARN__DUPLICATE_METHOD_MATCH = YES;
				"CODE_SIGN_IDENTITY[sdk=iphoneos*]" = "iPhone Developer";
				COPY_PHASE_STRIP = YES;
				GCC_C_LANGUAGE_STANDARD = gnu99;
				GCC_WARN_ABOUT_RETURN_TYPE = YES;
				GCC_WARN_UNINITIALIZED_AUTOS = YES;
				GCC_WARN_UNUSED_VARIABLE = YES;
				IPHONEOS_DEPLOYMENT_TARGET = 6.0;
				OTHER_CFLAGS = "-DNS_BLOCK_ASSERTIONS=1";
				SDKROOT = iphoneos;
				VALIDATE_PRODUCT = YES;
			};
			name = Release;
		};
		A280A3CA167093BF00EAC747 /* Debug */ = {
			isa = XCBuildConfiguration;
			buildSettings = {
				GCC_PRECOMPILE_PREFIX_HEADER = YES;
				GCC_PREFIX_HEADER = "HNActivities/HNActivities-Prefix.pch";
				INFOPLIST_FILE = "$(SRCROOT)/HNActivities/HNActivities-Info.plist";
				IPHONEOS_DEPLOYMENT_TARGET = 6.0;
				PRODUCT_NAME = "$(TARGET_NAME)";
				WRAPPER_EXTENSION = app;
			};
			name = Debug;
		};
		A280A3CB167093BF00EAC747 /* Release */ = {
			isa = XCBuildConfiguration;
			buildSettings = {
				GCC_PRECOMPILE_PREFIX_HEADER = YES;
				GCC_PREFIX_HEADER = "HNActivities/HNActivities-Prefix.pch";
				INFOPLIST_FILE = "$(SRCROOT)/HNActivities/HNActivities-Info.plist";
				IPHONEOS_DEPLOYMENT_TARGET = 6.0;
				PRODUCT_NAME = "$(TARGET_NAME)";
				WRAPPER_EXTENSION = app;
			};
			name = Release;
		};
		A28EE71516B174840090F055 /* Debug */ = {
			isa = XCBuildConfiguration;
			buildSettings = {
				FRAMEWORK_SEARCH_PATHS = (
					"\"$(SDKROOT)/Developer/Library/Frameworks\"",
					"\"$(DEVELOPER_LIBRARY_DIR)/Frameworks\"",
				);
				GCC_PRECOMPILE_PREFIX_HEADER = YES;
				GCC_PREFIX_HEADER = "HNActivitiesTests/HNActivitiesTests-Prefix.pch";
				INFOPLIST_FILE = "HNActivitiesTests/HNActivitiesTests-Info.plist";
				PRODUCT_NAME = "$(TARGET_NAME)";
				WRAPPER_EXTENSION = octest;
			};
			name = Debug;
		};
		A28EE71616B174840090F055 /* Release */ = {
			isa = XCBuildConfiguration;
			buildSettings = {
				FRAMEWORK_SEARCH_PATHS = (
					"\"$(SDKROOT)/Developer/Library/Frameworks\"",
					"\"$(DEVELOPER_LIBRARY_DIR)/Frameworks\"",
				);
				GCC_PRECOMPILE_PREFIX_HEADER = YES;
				GCC_PREFIX_HEADER = "HNActivitiesTests/HNActivitiesTests-Prefix.pch";
				INFOPLIST_FILE = "HNActivitiesTests/HNActivitiesTests-Info.plist";
				PRODUCT_NAME = "$(TARGET_NAME)";
				WRAPPER_EXTENSION = octest;
			};
			name = Release;
		};
/* End XCBuildConfiguration section */

/* Begin XCConfigurationList section */
		A280A3A5167093BF00EAC747 /* Build configuration list for PBXProject "HNActivities" */ = {
			isa = XCConfigurationList;
			buildConfigurations = (
				A280A3C7167093BF00EAC747 /* Debug */,
				A280A3C8167093BF00EAC747 /* Release */,
			);
			defaultConfigurationIsVisible = 0;
			defaultConfigurationName = Release;
		};
		A280A3C9167093BF00EAC747 /* Build configuration list for PBXNativeTarget "HNActivities" */ = {
			isa = XCConfigurationList;
			buildConfigurations = (
				A280A3CA167093BF00EAC747 /* Debug */,
				A280A3CB167093BF00EAC747 /* Release */,
			);
			defaultConfigurationIsVisible = 0;
			defaultConfigurationName = Release;
		};
		A28EE71716B174840090F055 /* Build configuration list for PBXNativeTarget "HNActivitiesTests" */ = {
			isa = XCConfigurationList;
			buildConfigurations = (
				A28EE71516B174840090F055 /* Debug */,
				A28EE71616B174840090F055 /* Release */,
			);
			defaultConfigurationIsVisible = 0;
		};
/* End XCConfigurationList section */
	};
	rootObject = A280A3A2167093BF00EAC747 /* Project object */;
}
